
Microsoft Visual Studio Solution File, Format Version 12.00
# Visual Studio Version 17
VisualStudioVersion = 17.0.31903.59
MinimumVisualStudioVersion = 10.0.40219.1
Project("{2150E333-8FDC-42A3-9474-1A3956D46DE8}") = "src", "src", "{827E0CD3-B72D-47B6-A68D-7590B98EB39B}"
EndProject
Project("{FAE04EC0-301F-11D3-BF4B-00C04F79EFBC}") = "ExecPlan.Domain", "src\ExecPlan.Domain\ExecPlan.Domain.csproj", "{59505D5C-3968-43E1-812A-2249B8095908}"
EndProject
Project("{FAE04EC0-301F-11D3-BF4B-00C04F79EFBC}") = "ExecPlan.Application", "src\ExecPlan.Application\ExecPlan.Application.csproj", "{CE0DBB8A-D6E5-440B-B6AB-B07A5D908DBB}"
EndProject
Project("{FAE04EC0-301F-11D3-BF4B-00C04F79EFBC}") = "ExecPlan.Infrastructure", "src\ExecPlan.Infrastructure\ExecPlan.Infrastructure.csproj", "{92AC3C0C-BDE2-4CB5-A339-4EC4D56281BC}"
EndProject
Project("{FAE04EC0-301F-11D3-BF4B-00C04F79EFBC}") = "ExecPlan.Api", "src\ExecPlan.Api\ExecPlan.Api.csproj", "{14C60A9E-A273-433F-89F6-95359D27C676}"
EndProject
Project("{FAE04EC0-301F-11D3-BF4B-00C04F79EFBC}") = "ExecPlan.Cli", "src\ExecPlan.Cli\ExecPlan.Cli.csproj", "{454B5DEF-E879-4F78-AE6C-15077DAF7449}"
EndProject
Project("{FAE04EC0-301F-11D3-BF4B-00C04F79EFBC}") = "ExecPlan.UnitTests", "tests\ExecPlan.UnitTests\ExecPlan.UnitTests.csproj", "{9F7DA3DD-47D3-4B4F-854D-DA0BEBB33A0E}"
EndProject
Project("{FAE04EC0-301F-11D3-BF4B-00C04F79EFBC}") = "ExecPlan.IntegrationTests", "tests\ExecPlan.IntegrationTests\ExecPlan.IntegrationTests.csproj", "{56B1222E-22E6-4D8B-B029-4A7CBC7FD431}"
EndProject
Global
	GlobalSection(SolutionConfigurationPlatforms) = preSolution
		Debug|Any CPU = Debug|Any CPU
		Debug|x64 = Debug|x64
		Debug|x86 = Debug|x86
		Release|Any CPU = Release|Any CPU
		Release|x64 = Release|x64
		Release|x86 = Release|x86
	EndGlobalSection
	GlobalSection(ProjectConfigurationPlatforms) = postSolution
		{59505D5C-3968-43E1-812A-2249B8095908}.Debug|Any CPU.ActiveCfg = Debug|Any CPU
		{59505D5C-3968-43E1-812A-2249B8095908}.Debug|Any CPU.Build.0 = Debug|Any CPU
		{59505D5C-3968-43E1-812A-2249B8095908}.Debug|x64.ActiveCfg = Debug|Any CPU
		{59505D5C-3968-43E1-812A-2249B8095908}.Debug|x64.Build.0 = Debug|Any CPU
		{59505D5C-3968-43E1-812A-2249B8095908}.Debug|x86.ActiveCfg = Debug|Any CPU
		{59505D5C-3968-43E1-812A-2249B8095908}.Debug|x86.Build.0 = Debug|Any CPU
		{59505D5C-3968-43E1-812A-2249B8095908}.Release|Any CPU.ActiveCfg = Release|Any CPU
		{59505D5C-3968-43E1-812A-2249B8095908}.Release|Any CPU.Build.0 = Release|Any CPU
		{59505D5C-3968-43E1-812A-2249B8095908}.Release|x64.ActiveCfg = Release|Any CPU
		{59505D5C-3968-43E1-812A-2249B8095908}.Release|x64.Build.0 = Release|Any CPU
		{59505D5C-3968-43E1-812A-2249B8095908}.Release|x86.ActiveCfg = Release|Any CPU
		{59505D5C-3968-43E1-812A-2249B8095908}.Release|x86.Build.0 = Release|Any CPU
		{CE0DBB8A-D6E5-440B-B6AB-B07A5D908DBB}.Debug|Any CPU.ActiveCfg = Debug|Any CPU
		{CE0DBB8A-D6E5-440B-B6AB-B07A5D908DBB}.Debug|Any CPU.Build.0 = Debug|Any CPU
		{CE0DBB8A-D6E5-440B-B6AB-B07A5D908DBB}.Debug|x64.ActiveCfg = Debug|Any CPU
		{CE0DBB8A-D6E5-440B-B6AB-B07A5D908DBB}.Debug|x64.Build.0 = Debug|Any CPU
		{CE0DBB8A-D6E5-440B-B6AB-B07A5D908DBB}.Debug|x86.ActiveCfg = Debug|Any CPU
		{CE0DBB8A-D6E5-440B-B6AB-B07A5D908DBB}.Debug|x86.Build.0 = Debug|Any CPU
		{CE0DBB8A-D6E5-440B-B6AB-B07A5D908DBB}.Release|Any CPU.ActiveCfg = Release|Any CPU
		{CE0DBB8A-D6E5-440B-B6AB-B07A5D908DBB}.Release|Any CPU.Build.0 = Release|Any CPU
		{CE0DBB8A-D6E5-440B-B6AB-B07A5D908DBB}.Release|x64.ActiveCfg = Release|Any CPU
		{CE0DBB8A-D6E5-440B-B6AB-B07A5D908DBB}.Release|x64.Build.0 = Release|Any CPU
		{CE0DBB8A-D6E5-440B-B6AB-B07A5D908DBB}.Release|x86.ActiveCfg = Release|Any CPU
		{CE0DBB8A-D6E5-440B-B6AB-B07A5D908DBB}.Release|x86.Build.0 = Release|Any CPU
		{92AC3C0C-BDE2-4CB5-A339-4EC4D56281BC}.Debug|Any CPU.ActiveCfg = Debug|Any CPU
		{92AC3C0C-BDE2-4CB5-A339-4EC4D56281BC}.Debug|Any CPU.Build.0 = Debug|Any CPU
		{92AC3C0C-BDE2-4CB5-A339-4EC4D56281BC}.Debug|x64.ActiveCfg = Debug|Any CPU
		{92AC3C0C-BDE2-4CB5-A339-4EC4D56281BC}.Debug|x64.Build.0 = Debug|Any CPU
		{92AC3C0C-BDE2-4CB5-A339-4EC4D56281BC}.Debug|x86.ActiveCfg = Debug|Any CPU
		{92AC3C0C-BDE2-4CB5-A339-4EC4D56281BC}.Debug|x86.Build.0 = Debug|Any CPU
		{92AC3C0C-BDE2-4CB5-A339-4EC4D56281BC}.Release|Any CPU.ActiveCfg = Release|Any CPU
		{92AC3C0C-BDE2-4CB5-A339-4EC4D56281BC}.Release|Any CPU.Build.0 = Release|Any CPU
		{92AC3C0C-BDE2-4CB5-A339-4EC4D56281BC}.Release|x64.ActiveCfg = Release|Any CPU
		{92AC3C0C-BDE2-4CB5-A339-4EC4D56281BC}.Release|x64.Build.0 = Release|Any CPU
		{92AC3C0C-BDE2-4CB5-A339-4EC4D56281BC}.Release|x86.ActiveCfg = Release|Any CPU
		{92AC3C0C-BDE2-4CB5-A339-4EC4D56281BC}.Release|x86.Build.0 = Release|Any CPU
		{14C60A9E-A273-433F-89F6-95359D27C676}.Debug|Any CPU.ActiveCfg = Debug|Any CPU
		{14C60A9E-A273-433F-89F6-95359D27C676}.Debug|Any CPU.Build.0 = Debug|Any CPU
		{14C60A9E-A273-433F-89F6-95359D27C676}.Debug|x64.ActiveCfg = Debug|Any CPU
		{14C60A9E-A273-433F-89F6-95359D27C676}.Debug|x64.Build.0 = Debug|Any CPU
		{14C60A9E-A273-433F-89F6-95359D27C676}.Debug|x86.ActiveCfg = Debug|Any CPU
		{14C60A9E-A273-433F-89F6-95359D27C676}.Debug|x86.Build.0 = Debug|Any CPU
		{14C60A9E-A273-433F-89F6-95359D27C676}.Release|Any CPU.ActiveCfg = Release|Any CPU
		{14C60A9E-A273-433F-89F6-95359D27C676}.Release|Any CPU.Build.0 = Release|Any CPU
		{14C60A9E-A273-433F-89F6-95359D27C676}.Release|x64.ActiveCfg = Release|Any CPU
		{14C60A9E-A273-433F-89F6-95359D27C676}.Release|x64.Build.0 = Release|Any CPU
		{14C60A9E-A273-433F-89F6-95359D27C676}.Release|x86.ActiveCfg = Release|Any CPU
		{14C60A9E-A273-433F-89F6-95359D27C676}.Release|x86.Build.0 = Release|Any CPU
		{454B5DEF-E879-4F78-AE6C-15077DAF7449}.Debug|Any CPU.ActiveCfg = Debug|Any CPU
		{454B5DEF-E879-4F78-AE6C-15077DAF7449}.Debug|Any CPU.Build.0 = Debug|Any CPU
		{454B5DEF-E879-4F78-AE6C-15077DAF7449}.Debug|x64.ActiveCfg = Debug|Any CPU
		{454B5DEF-E879-4F78-AE6C-15077DAF7449}.Debug|x64.Build.0 = Debug|Any CPU
		{454B5DEF-E879-4F78-AE6C-15077DAF7449}.Debug|x86.ActiveCfg = Debug|Any CPU
		{454B5DEF-E879-4F78-AE6C-15077DAF7449}.Debug|x86.Build.0 = Debug|Any CPU
		{454B5DEF-E879-4F78-AE6C-15077DAF7449}.Release|Any CPU.ActiveCfg = Release|Any CPU
		{454B5DEF-E879-4F78-AE6C-15077DAF7449}.Release|Any CPU.Build.0 = Release|Any CPU
		{454B5DEF-E879-4F78-AE6C-15077DAF7449}.Release|x64.ActiveCfg = Release|Any CPU
		{454B5DEF-E879-4F78-AE6C-15077DAF7449}.Release|x64.Build.0 = Release|Any CPU
		{454B5DEF-E879-4F78-AE6C-15077DAF7449}.Release|x86.ActiveCfg = Release|Any CPU
		{454B5DEF-E879-4F78-AE6C-15077DAF7449}.Release|x86.Build.0 = Release|Any CPU
		{9F7DA3DD-47D3-4B4F-854D-DA0BEBB33A0E}.Debug|Any CPU.ActiveCfg = Debug|Any CPU
		{9F7DA3DD-47D3-4B4F-854D-DA0BEBB33A0E}.Debug|Any CPU.Build.0 = Debug|Any CPU
		{9F7DA3DD-47D3-4B4F-854D-DA0BEBB33A0E}.Debug|x64.ActiveCfg = Debug|Any CPU
		{9F7DA3DD-47D3-4B4F-854D-DA0BEBB33A0E}.Debug|x64.Build.0 = Debug|Any CPU
		{9F7DA3DD-47D3-4B4F-854D-DA0BEBB33A0E}.Debug|x86.ActiveCfg = Debug|Any CPU
		{9F7DA3DD-47D3-4B4F-854D-DA0BEBB33A0E}.Debug|x86.Build.0 = Debug|Any CPU
		{9F7DA3DD-47D3-4B4F-854D-DA0BEBB33A0E}.Release|Any CPU.ActiveCfg = Release|Any CPU
		{9F7DA3DD-47D3-4B4F-854D-DA0BEBB33A0E}.Release|Any CPU.Build.0 = Release|Any CPU
		{9F7DA3DD-47D3-4B4F-854D-DA0BEBB33A0E}.Release|x64.ActiveCfg = Release|Any CPU
		{9F7DA3DD-47D3-4B4F-854D-DA0BEBB33A0E}.Release|x64.Build.0 = Release|Any CPU
		{9F7DA3DD-47D3-4B4F-854D-DA0BEBB33A0E}.Release|x86.ActiveCfg = Release|Any CPU
		{9F7DA3DD-47D3-4B4F-854D-DA0BEBB33A0E}.Release|x86.Build.0 = Release|Any CPU
		{56B1222E-22E6-4D8B-B029-4A7CBC7FD431}.Debug|Any CPU.ActiveCfg = Debug|Any CPU
		{56B1222E-22E6-4D8B-B029-4A7CBC7FD431}.Debug|Any CPU.Build.0 = Debug|Any CPU
		{56B1222E-22E6-4D8B-B029-4A7CBC7FD431}.Debug|x64.ActiveCfg = Debug|Any CPU
		{56B1222E-22E6-4D8B-B029-4A7CBC7FD431}.Debug|x64.Build.0 = Debug|Any CPU
		{56B1222E-22E6-4D8B-B029-4A7CBC7FD431}.Debug|x86.ActiveCfg = Debug|Any CPU
		{56B1222E-22E6-4D8B-B029-4A7CBC7FD431}.Debug|x86.Build.0 = Debug|Any CPU
		{56B1222E-22E6-4D8B-B029-4A7CBC7FD431}.Release|Any CPU.ActiveCfg = Release|Any CPU
		{56B1222E-22E6-4D8B-B029-4A7CBC7FD431}.Release|Any CPU.Build.0 = Release|Any CPU
		{56B1222E-22E6-4D8B-B029-4A7CBC7FD431}.Release|x64.ActiveCfg = Release|Any CPU
		{56B1222E-22E6-4D8B-B029-4A7CBC7FD431}.Release|x64.Build.0 = Release|Any CPU
		{56B1222E-22E6-4D8B-B029-4A7CBC7FD431}.Release|x86.ActiveCfg = Release|Any CPU
		{56B1222E-22E6-4D8B-B029-4A7CBC7FD431}.Release|x86.Build.0 = Release|Any CPU
	EndGlobalSection
	GlobalSection(SolutionProperties) = preSolution
		HideSolutionNode = FALSE
	EndGlobalSection
	GlobalSection(NestedProjects) = preSolution
		{59505D5C-3968-43E1-812A-2249B8095908} = {827E0CD3-B72D-47B6-A68D-7590B98EB39B}
		{CE0DBB8A-D6E5-440B-B6AB-B07A5D908DBB} = {827E0CD3-B72D-47B6-A68D-7590B98EB39B}
		{92AC3C0C-BDE2-4CB5-A339-4EC4D56281BC} = {827E0CD3-B72D-47B6-A68D-7590B98EB39B}
		{14C60A9E-A273-433F-89F6-95359D27C676} = {827E0CD3-B72D-47B6-A68D-7590B98EB39B}
		{454B5DEF-E879-4F78-AE6C-15077DAF7449} = {827E0CD3-B72D-47B6-A68D-7590B98EB39B}
		{9F7DA3DD-47D3-4B4F-854D-DA0BEBB33A0E} = {827E0CD3-B72D-47B6-A68D-7590B98EB39B}
		{56B1222E-22E6-4D8B-B029-4A7CBC7FD431} = {827E0CD3-B72D-47B6-A68D-7590B98EB39B}
	EndGlobalSection
EndGlobal
